
Microsoft Visual Studio Solution File, Format Version 12.00
# Visual Studio Version 17
VisualStudioVersion = 17.7.34221.43
MinimumVisualStudioVersion = 10.0.40219.1
Project("{FAE04EC0-301F-11D3-BF4B-00C04F79EFBC}") = "CrudBussinessLogic", "CrudBussinessLogic\CrudBussinessLogic.csproj", "{AF0229CB-7222-4AA4-BADB-8A8C1B22014E}"
EndProject
Project("{FAE04EC0-301F-11D3-BF4B-00C04F79EFBC}") = "CrudDataLogic", "CrudDataLogic\CrudDataLogic.csproj", "{9F10E862-8A0B-4B8A-AA28-A482A77A92D8}"
EndProject
Project("{FAE04EC0-301F-11D3-BF4B-00C04F79EFBC}") = "EmployeeUIpart", "EmployeeUIpart\EmployeeUIpart.csproj", "{2762B0E2-43C6-4174-A168-9ACD65186B97}"
EndProject
Global
	GlobalSection(SolutionConfigurationPlatforms) = preSolution
		Debug|Any CPU = Debug|Any CPU
		Release|Any CPU = Release|Any CPU
	EndGlobalSection
	GlobalSection(ProjectConfigurationPlatforms) = postSolution
		{AF0229CB-7222-4AA4-BADB-8A8C1B22014E}.Debug|Any CPU.ActiveCfg = Debug|Any CPU
		{AF0229CB-7222-4AA4-BADB-8A8C1B22014E}.Debug|Any CPU.Build.0 = Debug|Any CPU
		{AF0229CB-7222-4AA4-BADB-8A8C1B22014E}.Release|Any CPU.ActiveCfg = Release|Any CPU
		{AF0229CB-7222-4AA4-BADB-8A8C1B22014E}.Release|Any CPU.Build.0 = Release|Any CPU
		{9F10E862-8A0B-4B8A-AA28-A482A77A92D8}.Debug|Any CPU.ActiveCfg = Debug|Any CPU
		{9F10E862-8A0B-4B8A-AA28-A482A77A92D8}.Debug|Any CPU.Build.0 = Debug|Any CPU
		{9F10E862-8A0B-4B8A-AA28-A482A77A92D8}.Release|Any CPU.ActiveCfg = Release|Any CPU
		{9F10E862-8A0B-4B8A-AA28-A482A77A92D8}.Release|Any CPU.Build.0 = Release|Any CPU
		{2762B0E2-43C6-4174-A168-9ACD65186B97}.Debug|Any CPU.ActiveCfg = Debug|Any CPU
		{2762B0E2-43C6-4174-A168-9ACD65186B97}.Debug|Any CPU.Build.0 = Debug|Any CPU
		{2762B0E2-43C6-4174-A168-9ACD65186B97}.Release|Any CPU.ActiveCfg = Release|Any CPU
		{2762B0E2-43C6-4174-A168-9ACD65186B97}.Release|Any CPU.Build.0 = Release|Any CPU
	EndGlobalSection
	GlobalSection(SolutionProperties) = preSolution
		HideSolutionNode = FALSE
	EndGlobalSection
	GlobalSection(ExtensibilityGlobals) = postSolution
		SolutionGuid = {56E82FC3-9A7D-42FC-9AA2-DD7B6D848897}
	EndGlobalSection
EndGlobal
